Microsoft Visual Studio Solution File, Format Version 12.00
# Visual Studio 2012
Project("{FAE04EC0-301F-11D3-BF4B-00C04F79EFBC}") = "helloworld", "helloworld.csproj", "{EDCD15DD-A59A-4437-A5DC-D99575702494}"
EndProject
Global
	GlobalSection(SolutionConfigurationPlatforms) = preSolution
	Debug|Any CPU = Debug|Any CPU
	ExportDebug|Any CPU = ExportDebug|Any CPU
	ExportRelease|Any CPU = ExportRelease|Any CPU
	EndGlobalSection
	GlobalSection(ProjectConfigurationPlatforms) = postSolution
		{EDCD15DD-A59A-4437-A5DC-D99575702494}.Debug|Any CPU.ActiveCfg = Debug|Any CPU
		{EDCD15DD-A59A-4437-A5DC-D99575702494}.Debug|Any CPU.Build.0 = Debug|Any CPU
		{EDCD15DD-A59A-4437-A5DC-D99575702494}.ExportDebug|Any CPU.ActiveCfg = ExportDebug|Any CPU
		{EDCD15DD-A59A-4437-A5DC-D99575702494}.ExportDebug|Any CPU.Build.0 = ExportDebug|Any CPU
		{EDCD15DD-A59A-4437-A5DC-D99575702494}.ExportRelease|Any CPU.ActiveCfg = ExportRelease|Any CPU
		{EDCD15DD-A59A-4437-A5DC-D99575702494}.ExportRelease|Any CPU.Build.0 = ExportRelease|Any CPU
	EndGlobalSection
EndGlobal
